
Microsoft Visual Studio Solution File, Format Version 12.00
# Visual Studio 15
VisualStudioVersion = 15.0.28307.1209
MinimumVisualStudioVersion = 10.0.40219.1
Project("{FAE04EC0-301F-11D3-BF4B-00C04F79EFBC}") = "MvvmLightWPF", "MvvmLightWPF\MvvmLightWPF.csproj", "{043EA106-BE60-4F4F-BEC0-C5B8625CBAB3}"
EndProject
Global
	GlobalSection(SolutionConfigurationPlatforms) = preSolution
		Debug|Any CPU = Debug|Any CPU
		Release|Any CPU = Release|Any CPU
	EndGlobalSection
	GlobalSection(ProjectConfigurationPlatforms) = postSolution
		{043EA106-BE60-4F4F-BEC0-C5B8625CBAB3}.Debug|Any CPU.ActiveCfg = Debug|Any CPU
		{043EA106-BE60-4F4F-BEC0-C5B8625CBAB3}.Debug|Any CPU.Build.0 = Debug|Any CPU
		{043EA106-BE60-4F4F-BEC0-C5B8625CBAB3}.Release|Any CPU.ActiveCfg = Release|Any CPU
		{043EA106-BE60-4F4F-BEC0-C5B8625CBAB3}.Release|Any CPU.Build.0 = Release|Any CPU
	EndGlobalSection
	GlobalSection(SolutionProperties) = preSolution
		HideSolutionNode = FALSE
	EndGlobalSection
	GlobalSection(ExtensibilityGlobals) = postSolution
		SolutionGuid = {C54FFA5B-5698-4549-B8B9-C9382FC2C1FE}
	EndGlobalSection
EndGlobal
